// !$*UTF8*$!
{
	archiveVersion = 1;
	classes = {
	};
	objectVersion = 56;
	objects = {

/* Begin PBXBuildFile section */
		F708211D2C5FB7D300C1FA9E /* AppDelegate.swift in Sources */ = {isa = PBXBuildFile; fileRef = F708211C2C5FB7D300C1FA9E /* AppDelegate.swift */; };
		F708211F2C5FB7D300C1FA9E /* SceneDelegate.swift in Sources */ = {isa = PBXBuildFile; fileRef = F708211E2C5FB7D300C1FA9E /* SceneDelegate.swift */; };
		F70821262C5FB7D500C1FA9E /* Assets.xcassets in Resources */ = {isa = PBXBuildFile; fileRef = F70821252C5FB7D500C1FA9E /* Assets.xcassets */; };
		F70821292C5FB7D500C1FA9E /* Base in Resources */ = {isa = PBXBuildFile; fileRef = F70821282C5FB7D500C1FA9E /* Base */; };
		F70821332C5FBB0200C1FA9E /* SnapKit in Frameworks */ = {isa = PBXBuildFile; productRef = F70821322C5FBB0200C1FA9E /* SnapKit */; };
		F70821382C5FBB4000C1FA9E /* ChatScreenViewController.swift in Sources */ = {isa = PBXBuildFile; fileRef = F70821372C5FBB4000C1FA9E /* ChatScreenViewController.swift */; };
		F708213B2C5FC13700C1FA9E /* APIClient.swift in Sources */ = {isa = PBXBuildFile; fileRef = F708213A2C5FC13700C1FA9E /* APIClient.swift */; };
		F70821412C5FE82E00C1FA9E /* UUIDKit in Frameworks */ = {isa = PBXBuildFile; productRef = F70821402C5FE82E00C1FA9E /* UUIDKit */; };
		F70821432C5FF5C300C1FA9E /* Token.swift in Sources */ = {isa = PBXBuildFile; fileRef = F70821422C5FF5C300C1FA9E /* Token.swift */; };
		F70821452C5FFB0100C1FA9E /* ChatResponse.swift in Sources */ = {isa = PBXBuildFile; fileRef = F70821442C5FFB0100C1FA9E /* ChatResponse.swift */; };
		F70821482C60283C00C1FA9E /* Jost-VariableFont_wght.ttf in Resources */ = {isa = PBXBuildFile; fileRef = F70821472C60283C00C1FA9E /* Jost-VariableFont_wght.ttf */; };
		F708214A2C6028B300C1FA9E /* FontBuilder .swift in Sources */ = {isa = PBXBuildFile; fileRef = F70821492C6028B300C1FA9E /* FontBuilder .swift */; };
		F708214D2C602E6000C1FA9E /* ChatTableViewCell.swift in Sources */ = {isa = PBXBuildFile; fileRef = F708214C2C602E6000C1FA9E /* ChatTableViewCell.swift */; };
		F70821502C602F9400C1FA9E /* CLTypingLabel.swift in Sources */ = {isa = PBXBuildFile; fileRef = F708214F2C602F9400C1FA9E /* CLTypingLabel.swift */; };
/* End PBXBuildFile section */

/* Begin PBXFileReference section */
		F70821192C5FB7D300C1FA9E /* GigaChat.app */ = {isa = PBXFileReference; explicitFileType = wrapper.application; includeInIndex = 0; path = GigaChat.app; sourceTree = BUILT_PRODUCTS_DIR; };
		F708211C2C5FB7D300C1FA9E /* AppDelegate.swift */ = {isa = PBXFileReference; lastKnownFileType = sourcecode.swift; path = AppDelegate.swift; sourceTree = "<group>"; };
		F708211E2C5FB7D300C1FA9E /* SceneDelegate.swift */ = {isa = PBXFileReference; lastKnownFileType = sourcecode.swift; path = SceneDelegate.swift; sourceTree = "<group>"; };
		F70821252C5FB7D500C1FA9E /* Assets.xcassets */ = {isa = PBXFileReference; lastKnownFileType = folder.assetcatalog; path = Assets.xcassets; sourceTree = "<group>"; };
		F70821282C5FB7D500C1FA9E /* Base */ = {isa = PBXFileReference; lastKnownFileType = file.storyboard; name = Base; path = Base.lproj/LaunchScreen.storyboard; sourceTree = "<group>"; };
		F708212A2C5FB7D500C1FA9E /* Info.plist */ = {isa = PBXFileReference; lastKnownFileType = text.plist.xml; path = Info.plist; sourceTree = "<group>"; };
		F70821372C5FBB4000C1FA9E /* ChatScreenViewController.swift */ = {isa = PBXFileReference; lastKnownFileType = sourcecode.swift; path = ChatScreenViewController.swift; sourceTree = "<group>"; };
		F708213A2C5FC13700C1FA9E /* APIClient.swift */ = {isa = PBXFileReference; lastKnownFileType = sourcecode.swift; path = APIClient.swift; sourceTree = "<group>"; };
		F70821422C5FF5C300C1FA9E /* Token.swift */ = {isa = PBXFileReference; lastKnownFileType = sourcecode.swift; path = Token.swift; sourceTree = "<group>"; };
		F70821442C5FFB0100C1FA9E /* ChatResponse.swift */ = {isa = PBXFileReference; lastKnownFileType = sourcecode.swift; path = ChatResponse.swift; sourceTree = "<group>"; };
		F70821472C60283C00C1FA9E /* Jost-VariableFont_wght.ttf */ = {isa = PBXFileReference; lastKnownFileType = file; path = "Jost-VariableFont_wght.ttf"; sourceTree = "<group>"; };
		F70821492C6028B300C1FA9E /* FontBuilder .swift */ = {isa = PBXFileReference; lastKnownFileType = sourcecode.swift; path = "FontBuilder .swift"; sourceTree = "<group>"; };
		F708214C2C602E6000C1FA9E /* ChatTableViewCell.swift */ = {isa = PBXFileReference; lastKnownFileType = sourcecode.swift; path = ChatTableViewCell.swift; sourceTree = "<group>"; };
		F708214F2C602F9400C1FA9E /* CLTypingLabel.swift */ = {isa = PBXFileReference; lastKnownFileType = sourcecode.swift; path = CLTypingLabel.swift; sourceTree = "<group>"; };
/* End PBXFileReference section */

/* Begin PBXFrameworksBuildPhase section */
		F70821162C5FB7D300C1FA9E /* Frameworks */ = {
			isa = PBXFrameworksBuildPhase;
			buildActionMask = 2147483647;
			files = (
				F70821412C5FE82E00C1FA9E /* UUIDKit in Frameworks */,
				F70821332C5FBB0200C1FA9E /* SnapKit in Frameworks */,
			);
			runOnlyForDeploymentPostprocessing = 0;
		};
/* End PBXFrameworksBuildPhase section */

/* Begin PBXGroup section */
		F70821102C5FB7D300C1FA9E = {
			isa = PBXGroup;
			children = (
				F708211B2C5FB7D300C1FA9E /* GigaChat */,
				F708211A2C5FB7D300C1FA9E /* Products */,
			);
			sourceTree = "<group>";
		};
		F708211A2C5FB7D300C1FA9E /* Products */ = {
			isa = PBXGroup;
			children = (
				F70821192C5FB7D300C1FA9E /* GigaChat.app */,
			);
			name = Products;
			sourceTree = "<group>";
		};
		F708211B2C5FB7D300C1FA9E /* GigaChat */ = {
			isa = PBXGroup;
			children = (
				F70821462C60283100C1FA9E /* Fonts */,
				F70821302C5FB7E300C1FA9E /* Application */,
				F70821362C5FBB2500C1FA9E /* ChatScreen */,
				F70821392C5FC12800C1FA9E /* Services  */,
				F70821252C5FB7D500C1FA9E /* Assets.xcassets */,
				F70821272C5FB7D500C1FA9E /* LaunchScreen.storyboard */,
				F708212A2C5FB7D500C1FA9E /* Info.plist */,
			);
			path = GigaChat;
			sourceTree = "<group>";
		};
		F70821302C5FB7E300C1FA9E /* Application */ = {
			isa = PBXGroup;
			children = (
				F708211C2C5FB7D300C1FA9E /* AppDelegate.swift */,
				F708211E2C5FB7D300C1FA9E /* SceneDelegate.swift */,
			);
			path = Application;
			sourceTree = "<group>";
		};
		F70821362C5FBB2500C1FA9E /* ChatScreen */ = {
			isa = PBXGroup;
			children = (
				F70821372C5FBB4000C1FA9E /* ChatScreenViewController.swift */,
				F708214C2C602E6000C1FA9E /* ChatTableViewCell.swift */,
			);
			path = ChatScreen;
			sourceTree = "<group>";
		};
		F70821392C5FC12800C1FA9E /* Services  */ = {
			isa = PBXGroup;
			children = (
				F708213A2C5FC13700C1FA9E /* APIClient.swift */,
				F70821422C5FF5C300C1FA9E /* Token.swift */,
				F70821442C5FFB0100C1FA9E /* ChatResponse.swift */,
				F70821492C6028B300C1FA9E /* FontBuilder .swift */,
				F708214F2C602F9400C1FA9E /* CLTypingLabel.swift */,
			);
			path = "Services ";
			sourceTree = "<group>";
		};
		F70821462C60283100C1FA9E /* Fonts */ = {
			isa = PBXGroup;
			children = (
				F70821472C60283C00C1FA9E /* Jost-VariableFont_wght.ttf */,
			);
			path = Fonts;
			sourceTree = "<group>";
		};
/* End PBXGroup section */

/* Begin PBXNativeTarget section */
		F70821182C5FB7D300C1FA9E /* GigaChat */ = {
			isa = PBXNativeTarget;
			buildConfigurationList = F708212D2C5FB7D500C1FA9E /* Build configuration list for PBXNativeTarget "GigaChat" */;
			buildPhases = (
				F70821152C5FB7D300C1FA9E /* Sources */,
				F70821162C5FB7D300C1FA9E /* Frameworks */,
				F70821172C5FB7D300C1FA9E /* Resources */,
			);
			buildRules = (
			);
			dependencies = (
			);
			name = GigaChat;
			packageProductDependencies = (
				F70821322C5FBB0200C1FA9E /* SnapKit */,
				F70821402C5FE82E00C1FA9E /* UUIDKit */,
			);
			productName = GigaChat;
			productReference = F70821192C5FB7D300C1FA9E /* GigaChat.app */;
			productType = "com.apple.product-type.application";
		};
/* End PBXNativeTarget section */

/* Begin PBXProject section */
		F70821112C5FB7D300C1FA9E /* Project object */ = {
			isa = PBXProject;
			attributes = {
				BuildIndependentTargetsInParallel = 1;
				LastSwiftUpdateCheck = 1540;
				LastUpgradeCheck = 1540;
				TargetAttributes = {
					F70821182C5FB7D300C1FA9E = {
						CreatedOnToolsVersion = 15.4;
					};
				};
			};
			buildConfigurationList = F70821142C5FB7D300C1FA9E /* Build configuration list for PBXProject "GigaChat" */;
			compatibilityVersion = "Xcode 14.0";
			developmentRegion = en;
			hasScannedForEncodings = 0;
			knownRegions = (
				en,
				Base,
			);
			mainGroup = F70821102C5FB7D300C1FA9E;
			packageReferences = (
				F70821312C5FBB0200C1FA9E /* XCRemoteSwiftPackageReference "SnapKit" */,
				F708213F2C5FE82E00C1FA9E /* XCRemoteSwiftPackageReference "uuid-kit" */,
				F708214E2C602F0A00C1FA9E /* XCRemoteSwiftPackageReference "DWAnimatedLabel" */,
			);
			productRefGroup = F708211A2C5FB7D300C1FA9E /* Products */;
			projectDirPath = "";
			projectRoot = "";
			targets = (
				F70821182C5FB7D300C1FA9E /* GigaChat */,
			);
		};
/* End PBXProject section */

/* Begin PBXResourcesBuildPhase section */
		F70821172C5FB7D300C1FA9E /* Resources */ = {
			isa = PBXResourcesBuildPhase;
			buildActionMask = 2147483647;
			files = (
				F70821262C5FB7D500C1FA9E /* Assets.xcassets in Resources */,
				F70821292C5FB7D500C1FA9E /* Base in Resources */,
				F70821482C60283C00C1FA9E /* Jost-VariableFont_wght.ttf in Resources */,
			);
			runOnlyForDeploymentPostprocessing = 0;
		};
/* End PBXResourcesBuildPhase section */

/* Begin PBXSourcesBuildPhase section */
		F70821152C5FB7D300C1FA9E /* Sources */ = {
			isa = PBXSourcesBuildPhase;
			buildActionMask = 2147483647;
			files = (
				F70821502C602F9400C1FA9E /* CLTypingLabel.swift in Sources */,
				F708211D2C5FB7D300C1FA9E /* AppDelegate.swift in Sources */,
				F70821432C5FF5C300C1FA9E /* Token.swift in Sources */,
				F70821452C5FFB0100C1FA9E /* ChatResponse.swift in Sources */,
				F70821382C5FBB4000C1FA9E /* ChatScreenViewController.swift in Sources */,
				F708211F2C5FB7D300C1FA9E /* SceneDelegate.swift in Sources */,
				F708214D2C602E6000C1FA9E /* ChatTableViewCell.swift in Sources */,
				F708214A2C6028B300C1FA9E /* FontBuilder .swift in Sources */,
				F708213B2C5FC13700C1FA9E /* APIClient.swift in Sources */,
			);
			runOnlyForDeploymentPostprocessing = 0;
		};
/* End PBXSourcesBuildPhase section */

/* Begin PBXVariantGroup section */
		F70821272C5FB7D500C1FA9E /* LaunchScreen.storyboard */ = {
			isa = PBXVariantGroup;
			children = (
				F70821282C5FB7D500C1FA9E /* Base */,
			);
			name = LaunchScreen.storyboard;
			sourceTree = "<group>";
		};
/* End PBXVariantGroup section */

/* Begin XCBuildConfiguration section */
		F708212B2C5FB7D500C1FA9E /* Debug */ = {
			isa = XCBuildConfiguration;
			buildSettings = {
				ALWAYS_SEARCH_USER_PATHS = NO;
				ASSETCATALOG_COMPILER_GENERATE_SWIFT_ASSET_SYMBOL_EXTENSIONS = YES;
				CLANG_ANALYZER_NONNULL = YES;
				CLANG_ANALYZER_NUMBER_OBJECT_CONVERSION = YES_AGGRESSIVE;
				CLANG_CXX_LANGUAGE_STANDARD = "gnu++20";
				CLANG_ENABLE_MODULES = YES;
				CLANG_ENABLE_OBJC_ARC = YES;
				CLANG_ENABLE_OBJC_WEAK = YES;
				CLANG_WARN_BLOCK_CAPTURE_AUTORELEASING = YES;
				CLANG_WARN_BOOL_CONVERSION = YES;
				CLANG_WARN_COMMA = YES;
				CLANG_WARN_CONSTANT_CONVERSION = YES;
				CLANG_WARN_DEPRECATED_OBJC_IMPLEMENTATIONS = YES;
				CLANG_WARN_DIRECT_OBJC_ISA_USAGE = YES_ERROR;
				CLANG_WARN_DOCUMENTATION_COMMENTS = YES;
				CLANG_WARN_EMPTY_BODY = YES;
				CLANG_WARN_ENUM_CONVERSION = YES;
				CLANG_WARN_INFINITE_RECURSION = YES;
				CLANG_WARN_INT_CONVERSION = YES;
				CLANG_WARN_NON_LITERAL_NULL_CONVERSION = YES;
				CLANG_WARN_OBJC_IMPLICIT_RETAIN_SELF = YES;
				CLANG_WARN_OBJC_LITERAL_CONVERSION = YES;
				CLANG_WARN_OBJC_ROOT_CLASS = YES_ERROR;
				CLANG_WARN_QUOTED_INCLUDE_IN_FRAMEWORK_HEADER = YES;
				CLANG_WARN_RANGE_LOOP_ANALYSIS = YES;
				CLANG_WARN_STRICT_PROTOTYPES = YES;
				CLANG_WARN_SUSPICIOUS_MOVE = YES;
				CLANG_WARN_UNGUARDED_AVAILABILITY = YES_AGGRESSIVE;
				CLANG_WARN_UNREACHABLE_CODE = YES;
				CLANG_WARN__DUPLICATE_METHOD_MATCH = YES;
				COPY_PHASE_STRIP = NO;
				DEBUG_INFORMATION_FORMAT = dwarf;
				ENABLE_STRICT_OBJC_MSGSEND = YES;
				ENABLE_TESTABILITY = YES;
				ENABLE_USER_SCRIPT_SANDBOXING = YES;
				GCC_C_LANGUAGE_STANDARD = gnu17;
				GCC_DYNAMIC_NO_PIC = NO;
				GCC_NO_COMMON_BLOCKS = YES;
				GCC_OPTIMIZATION_LEVEL = 0;
				GCC_PREPROCESSOR_DEFINITIONS = (
					"DEBUG=1",
					"$(inherited)",
				);
				GCC_WARN_64_TO_32_BIT_CONVERSION = YES;
				GCC_WARN_ABOUT_RETURN_TYPE = YES_ERROR;
				GCC_WARN_UNDECLARED_SELECTOR = YES;
				GCC_WARN_UNINITIALIZED_AUTOS = YES_AGGRESSIVE;
				GCC_WARN_UNUSED_FUNCTION = YES;
				GCC_WARN_UNUSED_VARIABLE = YES;
				IPHONEOS_DEPLOYMENT_TARGET = 17.5;
				LOCALIZATION_PREFERS_STRING_CATALOGS = YES;
				MTL_ENABLE_DEBUG_INFO = INCLUDE_SOURCE;
				MTL_FAST_MATH = YES;
				ONLY_ACTIVE_ARCH = YES;
				SDKROOT = iphoneos;
				SWIFT_ACTIVE_COMPILATION_CONDITIONS = "DEBUG $(inherited)";
				SWIFT_OPTIMIZATION_LEVEL = "-Onone";
			};
			name = Debug;
		};
		F708212C2C5FB7D500C1FA9E /* Release */ = {
			isa = XCBuildConfiguration;
			buildSettings = {
				ALWAYS_SEARCH_USER_PATHS = NO;
				ASSETCATALOG_COMPILER_GENERATE_SWIFT_ASSET_SYMBOL_EXTENSIONS = YES;
				CLANG_ANALYZER_NONNULL = YES;
				CLANG_ANALYZER_NUMBER_OBJECT_CONVERSION = YES_AGGRESSIVE;
				CLANG_CXX_LANGUAGE_STANDARD = "gnu++20";
				CLANG_ENABLE_MODULES = YES;
				CLANG_ENABLE_OBJC_ARC = YES;
				CLANG_ENABLE_OBJC_WEAK = YES;
				CLANG_WARN_BLOCK_CAPTURE_AUTORELEASING = YES;
				CLANG_WARN_BOOL_CONVERSION = YES;
				CLANG_WARN_COMMA = YES;
				CLANG_WARN_CONSTANT_CONVERSION = YES;
				CLANG_WARN_DEPRECATED_OBJC_IMPLEMENTATIONS = YES;
				CLANG_WARN_DIRECT_OBJC_ISA_USAGE = YES_ERROR;
				CLANG_WARN_DOCUMENTATION_COMMENTS = YES;
				CLANG_WARN_EMPTY_BODY = YES;
				CLANG_WARN_ENUM_CONVERSION = YES;
				CLANG_WARN_INFINITE_RECURSION = YES;
				CLANG_WARN_INT_CONVERSION = YES;
				CLANG_WARN_NON_LITERAL_NULL_CONVERSION = YES;
				CLANG_WARN_OBJC_IMPLICIT_RETAIN_SELF = YES;
				CLANG_WARN_OBJC_LITERAL_CONVERSION = YES;
				CLANG_WARN_OBJC_ROOT_CLASS = YES_ERROR;
				CLANG_WARN_QUOTED_INCLUDE_IN_FRAMEWORK_HEADER = YES;
				CLANG_WARN_RANGE_LOOP_ANALYSIS = YES;
				CLANG_WARN_STRICT_PROTOTYPES = YES;
				CLANG_WARN_SUSPICIOUS_MOVE = YES;
				CLANG_WARN_UNGUARDED_AVAILABILITY = YES_AGGRESSIVE;
				CLANG_WARN_UNREACHABLE_CODE = YES;
				CLANG_WARN__DUPLICATE_METHOD_MATCH = YES;
				COPY_PHASE_STRIP = NO;
				DEBUG_INFORMATION_FORMAT = "dwarf-with-dsym";
				ENABLE_NS_ASSERTIONS = NO;
				ENABLE_STRICT_OBJC_MSGSEND = YES;
				ENABLE_USER_SCRIPT_SANDBOXING = YES;
				GCC_C_LANGUAGE_STANDARD = gnu17;
				GCC_NO_COMMON_BLOCKS = YES;
				GCC_WARN_64_TO_32_BIT_CONVERSION = YES;
				GCC_WARN_ABOUT_RETURN_TYPE = YES_ERROR;
				GCC_WARN_UNDECLARED_SELECTOR = YES;
				GCC_WARN_UNINITIALIZED_AUTOS = YES_AGGRESSIVE;
				GCC_WARN_UNUSED_FUNCTION = YES;
				GCC_WARN_UNUSED_VARIABLE = YES;
				IPHONEOS_DEPLOYMENT_TARGET = 17.5;
				LOCALIZATION_PREFERS_STRING_CATALOGS = YES;
				MTL_ENABLE_DEBUG_INFO = NO;
				MTL_FAST_MATH = YES;
				SDKROOT = iphoneos;
				SWIFT_COMPILATION_MODE = wholemodule;
				VALIDATE_PRODUCT = YES;
			};
			name = Release;
		};
		F708212E2C5FB7D500C1FA9E /* Debug */ = {
			isa = XCBuildConfiguration;
			buildSettings = {
				ASSETCATALOG_COMPILER_APPICON_NAME = AppIcon;
				ASSETCATALOG_COMPILER_GLOBAL_ACCENT_COLOR_NAME = AccentColor;
				CODE_SIGN_STYLE = Automatic;
				CURRENT_PROJECT_VERSION = 1;
				DEVELOPMENT_TEAM = 22496L8ZUC;
				GENERATE_INFOPLIST_FILE = YES;
				INFOPLIST_FILE = GigaChat/Info.plist;
				INFOPLIST_KEY_LSApplicationCategoryType = "public.app-category.utilities";
				INFOPLIST_KEY_UIApplicationSupportsIndirectInputEvents = YES;
				INFOPLIST_KEY_UILaunchStoryboardName = LaunchScreen;
				INFOPLIST_KEY_UISupportedInterfaceOrientations = UIInterfaceOrientationPortrait;
				INFOPLIST_KEY_UISupportedInterfaceOrientations_iPad = "UIInterfaceOrientationLandscapeLeft UIInterfaceOrientationLandscapeRight UIInterfaceOrientationPortrait UIInterfaceOrientationPortraitUpsideDown";
				IPHONEOS_DEPLOYMENT_TARGET = 15.5;
				LD_RUNPATH_SEARCH_PATHS = (
					"$(inherited)",
					"@executable_path/Frameworks",
				);
				MARKETING_VERSION = 1.0;
				PRODUCT_BUNDLE_IDENTIFIER = com.gleb.GigaChat;
				PRODUCT_NAME = "$(TARGET_NAME)";
				SUPPORTED_PLATFORMS = "iphoneos iphonesimulator";
				SUPPORTS_MACCATALYST = NO;
				SUPPORTS_MAC_DESIGNED_FOR_IPHONE_IPAD = NO;
				SUPPORTS_XR_DESIGNED_FOR_IPHONE_IPAD = NO;
				SWIFT_EMIT_LOC_STRINGS = YES;
				SWIFT_VERSION = 5.0;
				TARGETED_DEVICE_FAMILY = 1;
			};
			name = Debug;
		};
		F708212F2C5FB7D500C1FA9E /* Release */ = {
			isa = XCBuildConfiguration;
			buildSettings = {
				ASSETCATALOG_COMPILER_APPICON_NAME = AppIcon;
				ASSETCATALOG_COMPILER_GLOBAL_ACCENT_COLOR_NAME = AccentColor;
				CODE_SIGN_STYLE = Automatic;
				CURRENT_PROJECT_VERSION = 1;
				DEVELOPMENT_TEAM = 22496L8ZUC;
				GENERATE_INFOPLIST_FILE = YES;
				INFOPLIST_FILE = GigaChat/Info.plist;
				INFOPLIST_KEY_LSApplicationCategoryType = "public.app-category.utilities";
				INFOPLIST_KEY_UIApplicationSupportsIndirectInputEvents = YES;
				INFOPLIST_KEY_UILaunchStoryboardName = LaunchScreen;
				INFOPLIST_KEY_UISupportedInterfaceOrientations = UIInterfaceOrientationPortrait;
				INFOPLIST_KEY_UISupportedInterfaceOrientations_iPad = "UIInterfaceOrientationLandscapeLeft UIInterfaceOrientationLandscapeRight UIInterfaceOrientationPortrait UIInterfaceOrientationPortraitUpsideDown";
				IPHONEOS_DEPLOYMENT_TARGET = 15.5;
				LD_RUNPATH_SEARCH_PATHS = (
					"$(inherited)",
					"@executable_path/Frameworks",
				);
				MARKETING_VERSION = 1.0;
				PRODUCT_BUNDLE_IDENTIFIER = com.gleb.GigaChat;
				PRODUCT_NAME = "$(TARGET_NAME)";
				SUPPORTED_PLATFORMS = "iphoneos iphonesimulator";
				SUPPORTS_MACCATALYST = NO;
				SUPPORTS_MAC_DESIGNED_FOR_IPHONE_IPAD = NO;
				SUPPORTS_XR_DESIGNED_FOR_IPHONE_IPAD = NO;
				SWIFT_EMIT_LOC_STRINGS = YES;
				SWIFT_VERSION = 5.0;
				TARGETED_DEVICE_FAMILY = 1;
			};
			name = Release;
		};
/* End XCBuildConfiguration section */

/* Begin XCConfigurationList section */
		F70821142C5FB7D300C1FA9E /* Build configuration list for PBXProject "GigaChat" */ = {
			isa = XCConfigurationList;
			buildConfigurations = (
				F708212B2C5FB7D500C1FA9E /* Debug */,
				F708212C2C5FB7D500C1FA9E /* Release */,
			);
			defaultConfigurationIsVisible = 0;
			defaultConfigurationName = Release;
		};
		F708212D2C5FB7D500C1FA9E /* Build configuration list for PBXNativeTarget "GigaChat" */ = {
			isa = XCConfigurationList;
			buildConfigurations = (
				F708212E2C5FB7D500C1FA9E /* Debug */,
				F708212F2C5FB7D500C1FA9E /* Release */,
			);
			defaultConfigurationIsVisible = 0;
			defaultConfigurationName = Release;
		};
/* End XCConfigurationList section */

/* Begin XCRemoteSwiftPackageReference section */
		F70821312C5FBB0200C1FA9E /* XCRemoteSwiftPackageReference "SnapKit" */ = {
			isa = XCRemoteSwiftPackageReference;
			repositoryURL = "https://github.com/SnapKit/SnapKit.git";
			requirement = {
				kind = upToNextMajorVersion;
				minimumVersion = 5.7.1;
			};
		};
		F708213F2C5FE82E00C1FA9E /* XCRemoteSwiftPackageReference "uuid-kit" */ = {
			isa = XCRemoteSwiftPackageReference;
			repositoryURL = "https://github.com/baarde/uuid-kit.git";
			requirement = {
				kind = upToNextMajorVersion;
				minimumVersion = 0.2.0;
			};
		};
		F708214E2C602F0A00C1FA9E /* XCRemoteSwiftPackageReference "DWAnimatedLabel" */ = {
			isa = XCRemoteSwiftPackageReference;
			repositoryURL = "https://github.com/Dywane/DWAnimatedLabel";
			requirement = {
				kind = upToNextMajorVersion;
				minimumVersion = 1.2.0;
			};
		};
/* End XCRemoteSwiftPackageReference section */

/* Begin XCSwiftPackageProductDependency section */
		F70821322C5FBB0200C1FA9E /* SnapKit */ = {
			isa = XCSwiftPackageProductDependency;
			package = F70821312C5FBB0200C1FA9E /* XCRemoteSwiftPackageReference "SnapKit" */;
			productName = SnapKit;
		};
		F70821402C5FE82E00C1FA9E /* UUIDKit */ = {
			isa = XCSwiftPackageProductDependency;
			package = F708213F2C5FE82E00C1FA9E /* XCRemoteSwiftPackageReference "uuid-kit" */;
			productName = UUIDKit;
		};
/* End XCSwiftPackageProductDependency section */
	};
	rootObject = F70821112C5FB7D300C1FA9E /* Project object */;
}
